
Microsoft Visual Studio Solution File, Format Version 12.00
# Visual Studio Version 17
VisualStudioVersion = 17.14.36414.22 d17.14
MinimumVisualStudioVersion = 10.0.40219.1
Project("{FAE04EC0-301F-11D3-BF4B-00C04F79EFBC}") = "ContosoWeek5Healthcare", "ContosoWeek5Healthcare\ContosoWeek5Healthcare.csproj", "{08E15303-D073-4E3E-BE46-EF3005FCB30B}"
EndProject
Global
	GlobalSection(SolutionConfigurationPlatforms) = preSolution
		Debug|Any CPU = Debug|Any CPU
		Release|Any CPU = Release|Any CPU
	EndGlobalSection
	GlobalSection(ProjectConfigurationPlatforms) = postSolution
		{08E15303-D073-4E3E-BE46-EF3005FCB30B}.Debug|Any CPU.ActiveCfg = Debug|Any CPU
		{08E15303-D073-4E3E-BE46-EF3005FCB30B}.Debug|Any CPU.Build.0 = Debug|Any CPU
		{08E15303-D073-4E3E-BE46-EF3005FCB30B}.Release|Any CPU.ActiveCfg = Release|Any CPU
		{08E15303-D073-4E3E-BE46-EF3005FCB30B}.Release|Any CPU.Build.0 = Release|Any CPU
	EndGlobalSection
	GlobalSection(SolutionProperties) = preSolution
		HideSolutionNode = FALSE
	EndGlobalSection
	GlobalSection(ExtensibilityGlobals) = postSolution
		SolutionGuid = {53AF764A-31A9-4B8C-AE14-186F0B1197FC}
	EndGlobalSection
EndGlobal
